
Microsoft Visual Studio Solution File, Format Version 12.00
# Visual Studio Version 17
VisualStudioVersion = 17.1.32210.238
MinimumVisualStudioVersion = 10.0.40219.1
Project("{FAE04EC0-301F-11D3-BF4B-00C04F79EFBC}") = "комиксы", "комиксы\комиксы.csproj", "{CFF76CB9-1F19-4DB8-9511-ADBB68167DAC}"
EndProject
Global
	GlobalSection(SolutionConfigurationPlatforms) = preSolution
		Debug|Any CPU = Debug|Any CPU
		Release|Any CPU = Release|Any CPU
	EndGlobalSection
	GlobalSection(ProjectConfigurationPlatforms) = postSolution
		{CFF76CB9-1F19-4DB8-9511-ADBB68167DAC}.Debug|Any CPU.ActiveCfg = Debug|Any CPU
		{CFF76CB9-1F19-4DB8-9511-ADBB68167DAC}.Debug|Any CPU.Build.0 = Debug|Any CPU
		{CFF76CB9-1F19-4DB8-9511-ADBB68167DAC}.Release|Any CPU.ActiveCfg = Release|Any CPU
		{CFF76CB9-1F19-4DB8-9511-ADBB68167DAC}.Release|Any CPU.Build.0 = Release|Any CPU
	EndGlobalSection
	GlobalSection(SolutionProperties) = preSolution
		HideSolutionNode = FALSE
	EndGlobalSection
	GlobalSection(ExtensibilityGlobals) = postSolution
		SolutionGuid = {EC0A8231-B7B3-48E3-A6DD-021200BD0816}
	EndGlobalSection
EndGlobal
